
Microsoft Visual Studio Solution File, Format Version 12.00
# Visual Studio 15
VisualStudioVersion = 15.0.26730.15
MinimumVisualStudioVersion = 10.0.40219.1
Project("{FAE04EC0-301F-11D3-BF4B-00C04F79EFBC}") = "Linked_List_Find_Remove_Node", "Linked_List_Find_Remove_Node\Linked_List_Find_Remove_Node.csproj", "{3239028B-E732-4825-9D4A-40867F16330C}"
EndProject
Global
	GlobalSection(SolutionConfigurationPlatforms) = preSolution
		Debug|Any CPU = Debug|Any CPU
		Release|Any CPU = Release|Any CPU
	EndGlobalSection
	GlobalSection(ProjectConfigurationPlatforms) = postSolution
		{3239028B-E732-4825-9D4A-40867F16330C}.Debug|Any CPU.ActiveCfg = Debug|Any CPU
		{3239028B-E732-4825-9D4A-40867F16330C}.Debug|Any CPU.Build.0 = Debug|Any CPU
		{3239028B-E732-4825-9D4A-40867F16330C}.Release|Any CPU.ActiveCfg = Release|Any CPU
		{3239028B-E732-4825-9D4A-40867F16330C}.Release|Any CPU.Build.0 = Release|Any CPU
	EndGlobalSection
	GlobalSection(SolutionProperties) = preSolution
		HideSolutionNode = FALSE
	EndGlobalSection
	GlobalSection(ExtensibilityGlobals) = postSolution
		SolutionGuid = {7CE9168C-5874-4190-BEEB-7A3EB05E41E6}
	EndGlobalSection
EndGlobal
