
Microsoft Visual Studio Solution File, Format Version 12.00
# Visual Studio 15
VisualStudioVersion = 15.0.26730.16
MinimumVisualStudioVersion = 10.0.40219.1
Project("{FAE04EC0-301F-11D3-BF4B-00C04F79EFBC}") = "StackandQuePalindrome", "StackandQuePalindrome\StackandQuePalindrome.csproj", "{63D6AABB-2F0B-47B8-B0BD-2C41C2FF8F67}"
EndProject
Global
	GlobalSection(SolutionConfigurationPlatforms) = preSolution
		Debug|Any CPU = Debug|Any CPU
		Release|Any CPU = Release|Any CPU
	EndGlobalSection
	GlobalSection(ProjectConfigurationPlatforms) = postSolution
		{63D6AABB-2F0B-47B8-B0BD-2C41C2FF8F67}.Debug|Any CPU.ActiveCfg = Debug|Any CPU
		{63D6AABB-2F0B-47B8-B0BD-2C41C2FF8F67}.Debug|Any CPU.Build.0 = Debug|Any CPU
		{63D6AABB-2F0B-47B8-B0BD-2C41C2FF8F67}.Release|Any CPU.ActiveCfg = Release|Any CPU
		{63D6AABB-2F0B-47B8-B0BD-2C41C2FF8F67}.Release|Any CPU.Build.0 = Release|Any CPU
	EndGlobalSection
	GlobalSection(SolutionProperties) = preSolution
		HideSolutionNode = FALSE
	EndGlobalSection
	GlobalSection(ExtensibilityGlobals) = postSolution
		SolutionGuid = {91A3E74E-3C48-4B2A-A8DE-C8A82E05AADF}
	EndGlobalSection
EndGlobal
