
Microsoft Visual Studio Solution File, Format Version 12.00
# Visual Studio 15
VisualStudioVersion = 15.0.26730.15
MinimumVisualStudioVersion = 10.0.40219.1
Project("{FAE04EC0-301F-11D3-BF4B-00C04F79EFBC}") = "Linked_List_Find_Middle", "Linked_List_Find_Middle\Linked_List_Find_Middle.csproj", "{DE3E3574-5FA4-48DA-8DD4-6D1BBF2D3CD1}"
EndProject
Global
	GlobalSection(SolutionConfigurationPlatforms) = preSolution
		Debug|Any CPU = Debug|Any CPU
		Release|Any CPU = Release|Any CPU
	EndGlobalSection
	GlobalSection(ProjectConfigurationPlatforms) = postSolution
		{DE3E3574-5FA4-48DA-8DD4-6D1BBF2D3CD1}.Debug|Any CPU.ActiveCfg = Debug|Any CPU
		{DE3E3574-5FA4-48DA-8DD4-6D1BBF2D3CD1}.Debug|Any CPU.Build.0 = Debug|Any CPU
		{DE3E3574-5FA4-48DA-8DD4-6D1BBF2D3CD1}.Release|Any CPU.ActiveCfg = Release|Any CPU
		{DE3E3574-5FA4-48DA-8DD4-6D1BBF2D3CD1}.Release|Any CPU.Build.0 = Release|Any CPU
	EndGlobalSection
	GlobalSection(SolutionProperties) = preSolution
		HideSolutionNode = FALSE
	EndGlobalSection
	GlobalSection(ExtensibilityGlobals) = postSolution
		SolutionGuid = {99BB8044-AE91-4CE4-B2D3-485872FB7FDD}
	EndGlobalSection
EndGlobal
